
Microsoft Visual Studio Solution File, Format Version 12.00
# Visual Studio 15
VisualStudioVersion = 15.0.28307.1401
MinimumVisualStudioVersion = 10.0.40219.1
Project("{8BC9CEB8-8B4A-11D0-8D11-00A0C91BC942}") = "ConsoleApplication6", "ConsoleApplication6\ConsoleApplication6.vcxproj", "{89E7A4EE-8FDD-4223-B8D0-3F222976D69B}"
EndProject
Global
	GlobalSection(SolutionConfigurationPlatforms) = preSolution
		Debug|x64 = Debug|x64
		Debug|x86 = Debug|x86
		Release|x64 = Release|x64
		Release|x86 = Release|x86
	EndGlobalSection
	GlobalSection(ProjectConfigurationPlatforms) = postSolution
		{89E7A4EE-8FDD-4223-B8D0-3F222976D69B}.Debug|x64.ActiveCfg = Debug|x64
		{89E7A4EE-8FDD-4223-B8D0-3F222976D69B}.Debug|x64.Build.0 = Debug|x64
		{89E7A4EE-8FDD-4223-B8D0-3F222976D69B}.Debug|x86.ActiveCfg = Debug|Win32
		{89E7A4EE-8FDD-4223-B8D0-3F222976D69B}.Debug|x86.Build.0 = Debug|Win32
		{89E7A4EE-8FDD-4223-B8D0-3F222976D69B}.Release|x64.ActiveCfg = Release|x64
		{89E7A4EE-8FDD-4223-B8D0-3F222976D69B}.Release|x64.Build.0 = Release|x64
		{89E7A4EE-8FDD-4223-B8D0-3F222976D69B}.Release|x86.ActiveCfg = Release|Win32
		{89E7A4EE-8FDD-4223-B8D0-3F222976D69B}.Release|x86.Build.0 = Release|Win32
	EndGlobalSection
	GlobalSection(SolutionProperties) = preSolution
		HideSolutionNode = FALSE
	EndGlobalSection
	GlobalSection(ExtensibilityGlobals) = postSolution
		SolutionGuid = {4E5F5266-4B16-4FBD-A52D-28084D969AA7}
	EndGlobalSection
EndGlobal
